{
  "version": "2",
  "remote": {
    "https://deno.land/std@0.150.0/_util/assert.ts": "e94f2eb37cebd7f199952e242c77654e43333c1ac4c5c700e929ea3aa5489f74",
    "https://deno.land/std@0.150.0/_util/os.ts": "3b4c6e27febd119d36a416d7a97bd3b0251b77c88942c8f16ee5953ea13e2e49",
    "https://deno.land/std@0.150.0/encoding/base64.ts": "c8c16b4adaa60d7a8eee047c73ece26844435e8f7f1328d74593dbb2dd58ea4f",
    "https://deno.land/std@0.150.0/fmt/colors.ts": "6f9340b7fb8cc25a993a99e5efc56fe81bb5af284ff412129dd06df06f53c0b4",
    "https://deno.land/std@0.150.0/path/_constants.ts": "df1db3ffa6dd6d1252cc9617e5d72165cd2483df90e93833e13580687b6083c3",
    "https://deno.land/std@0.150.0/path/_interface.ts": "ee3b431a336b80cf445441109d089b70d87d5e248f4f90ff906820889ecf8d09",
    "https://deno.land/std@0.150.0/path/_util.ts": "c1e9686d0164e29f7d880b2158971d805b6e0efc3110d0b3e24e4b8af2190d2b",
    "https://deno.land/std@0.150.0/path/common.ts": "bee563630abd2d97f99d83c96c2fa0cca7cee103e8cb4e7699ec4d5db7bd2633",
    "https://deno.land/std@0.150.0/path/glob.ts": "cb5255638de1048973c3e69e420c77dc04f75755524cb3b2e160fe9277d939ee",
    "https://deno.land/std@0.150.0/path/mod.ts": "4945b430b759b0b3d98f2a278542cbcf95e0ad2bd8eaaed3c67322b306b2b346",
    "https://deno.land/std@0.150.0/path/posix.ts": "c1f7afe274290ea0b51da07ee205653b2964bd74909a82deb07b69a6cc383aaa",
    "https://deno.land/std@0.150.0/path/separator.ts": "fe1816cb765a8068afb3e8f13ad272351c85cbc739af56dacfc7d93d710fe0f9",
    "https://deno.land/std@0.150.0/path/win32.ts": "bd7549042e37879c68ff2f8576a25950abbfca1d696d41d82c7bca0b7e6f452c",
    "https://deno.land/std@0.151.0/_util/assert.ts": "e94f2eb37cebd7f199952e242c77654e43333c1ac4c5c700e929ea3aa5489f74",
    "https://deno.land/std@0.151.0/_util/os.ts": "3b4c6e27febd119d36a416d7a97bd3b0251b77c88942c8f16ee5953ea13e2e49",
    "https://deno.land/std@0.151.0/path/_constants.ts": "df1db3ffa6dd6d1252cc9617e5d72165cd2483df90e93833e13580687b6083c3",
    "https://deno.land/std@0.151.0/path/_interface.ts": "ee3b431a336b80cf445441109d089b70d87d5e248f4f90ff906820889ecf8d09",
    "https://deno.land/std@0.151.0/path/_util.ts": "c1e9686d0164e29f7d880b2158971d805b6e0efc3110d0b3e24e4b8af2190d2b",
    "https://deno.land/std@0.151.0/path/common.ts": "bee563630abd2d97f99d83c96c2fa0cca7cee103e8cb4e7699ec4d5db7bd2633",
    "https://deno.land/std@0.151.0/path/glob.ts": "cb5255638de1048973c3e69e420c77dc04f75755524cb3b2e160fe9277d939ee",
    "https://deno.land/std@0.151.0/path/mod.ts": "4945b430b759b0b3d98f2a278542cbcf95e0ad2bd8eaaed3c67322b306b2b346",
    "https://deno.land/std@0.151.0/path/posix.ts": "c1f7afe274290ea0b51da07ee205653b2964bd74909a82deb07b69a6cc383aaa",
    "https://deno.land/std@0.151.0/path/separator.ts": "fe1816cb765a8068afb3e8f13ad272351c85cbc739af56dacfc7d93d710fe0f9",
    "https://deno.land/std@0.151.0/path/win32.ts": "bd7549042e37879c68ff2f8576a25950abbfca1d696d41d82c7bca0b7e6f452c",
    "https://deno.land/x/cliffy@v0.24.3/_utils/distance.ts": "02af166952c7c358ac83beae397aa2fbca4ad630aecfcd38d92edb1ea429f004",
    "https://deno.land/x/cliffy@v0.24.3/ansi/ansi_escapes.ts": "57d5e82b74b8fe2f38e9b272581b145419a100b9f657f7d087d41a0d26410e47",
    "https://deno.land/x/cliffy@v0.24.3/ansi/chain.ts": "31fb9fcbf72fed9f3eb9b9487270d2042ccd46a612d07dd5271b1a80ae2140a0",
    "https://deno.land/x/cliffy@v0.24.3/ansi/cursor_position.ts": "352abf1886cb8999887e04a59ce4e3fcfb1997b9d593ba5824fa859852c69174",
    "https://deno.land/x/cliffy@v0.24.3/ansi/deps.ts": "2ba6d1efa4ef0cf5dd7e6ad96ac7ecac45257047605ee7ebe9814f13c98d6f39",
    "https://deno.land/x/cliffy@v0.24.3/ansi/tty.ts": "8fb064c17ead6cdf00c2d3bc87a9fd17b1167f2daa575c42b516f38bdb604673",
    "https://deno.land/x/cliffy@v0.24.3/command/_errors.ts": "979a5d3f91b9da60a5871a14c4d7aa88ad4e3258da2df7b83bf40d00949ca944",
    "https://deno.land/x/cliffy@v0.24.3/command/_utils.ts": "a17433eaa5fa2931a78590c6ee146129446992214a9483328b321cabd106ed42",
    "https://deno.land/x/cliffy@v0.24.3/command/command.ts": "8d87388ac2a047c1b3f1e4622e0f4440bde6d6e14a1740e332c209143a23f18e",
    "https://deno.land/x/cliffy@v0.24.3/command/completions/_bash_completions_generator.ts": "aeb5b90d45f0576a75e7f316ed6f2e4e479857452766e0256eb452ba9f5b687a",
    "https://deno.land/x/cliffy@v0.24.3/command/completions/_fish_completions_generator.ts": "782110f1c13559ebf68d15a78b2fc4a15defde82c64906a1dfa054f5d7a71f0c",
    "https://deno.land/x/cliffy@v0.24.3/command/completions/_zsh_completions_generator.ts": "532a5e4ca81e1582dc75047cffaefe4c314f6110cb63089a0a8ab315e251fbd3",
    "https://deno.land/x/cliffy@v0.24.3/command/completions/bash.ts": "774e6be686d245f783d65b06d6822af1bff303beb19490b29a0e0f781556cfad",
    "https://deno.land/x/cliffy@v0.24.3/command/completions/complete.ts": "626594088e026e9248fcba8b1b3c8076afd964475f63f294223d337c61cf1665",
    "https://deno.land/x/cliffy@v0.24.3/command/completions/fish.ts": "c2f353f361c77bbce53e2a8bf064955b028ef6dc0eecca01a7d1f64397b61304",
    "https://deno.land/x/cliffy@v0.24.3/command/completions/mod.ts": "2b32933e152628268bfed59bd3091f8d23fbda59ee4e09f4d3de7740c7482fc2",
    "https://deno.land/x/cliffy@v0.24.3/command/completions/zsh.ts": "3eb1bfcfb7c1e4dd35b1d2e34a37c2a44a4dc54fdd8a8e4dcb5f933ad193202b",
    "https://deno.land/x/cliffy@v0.24.3/command/deps.ts": "c10e6c5ab7e71bf60af8ae9e80ef2f7fec68d23ca92c5d3d63850fa8d48b366c",
    "https://deno.land/x/cliffy@v0.24.3/command/help/_help_generator.ts": "df67e1ac9f51f08bddaa8aae6ce1df245e785301021b1b53280a51a6601d5c80",
    "https://deno.land/x/cliffy@v0.24.3/command/help/mod.ts": "01dd638a19ec6fce52317b3398201747d1e1d7ba4352b9a0aed084c7abe5d195",
    "https://deno.land/x/cliffy@v0.24.3/command/mod.ts": "d2da7a3d171a7737173525815d7dbe2e3dad3b20f2283385d99b78b5381a8bb5",
    "https://deno.land/x/cliffy@v0.24.3/command/type.ts": "2c0e15a618e8c71c7d2654a3cc819ba50b5f4f11828e84210112801363db880d",
    "https://deno.land/x/cliffy@v0.24.3/command/types.ts": "f08e0b7846b4571f1e3d3dd4ef4e8e53aa398f4b66d0f833b5817689054b49c7",
    "https://deno.land/x/cliffy@v0.24.3/command/types/action_list.ts": "33c98d449617c7a563a535c9ceb3741bde9f6363353fd492f90a74570c611c27",
    "https://deno.land/x/cliffy@v0.24.3/command/types/boolean.ts": "bf0fbaacbd79398f4f4a832437a8ac49f34f12fe42b8b44dca68ad23cd7b02e8",
    "https://deno.land/x/cliffy@v0.24.3/command/types/child_command.ts": "f1fca390c7fbfa7a713ca15ef55c2c7656bcbb394d50e8ef54085bdf6dc22559",
    "https://deno.land/x/cliffy@v0.24.3/command/types/command.ts": "325d0382e383b725fd8d0ef34ebaeae082c5b76a1f6f2e843fee5dbb1a4fe3ac",
    "https://deno.land/x/cliffy@v0.24.3/command/types/enum.ts": "a6e805eed88efe1866fa76cd102844a79a9bbe5590e557465f30082c6e383283",
    "https://deno.land/x/cliffy@v0.24.3/command/types/file.ts": "8618f16ac9015c8589cbd946b3de1988cc4899b90ea251f3325c93c46745140e",
    "https://deno.land/x/cliffy@v0.24.3/command/types/integer.ts": "b49ef8c43fe59ccf67e792c72ff350520dab08c9bd552eff004e134f292daa06",
    "https://deno.land/x/cliffy@v0.24.3/command/types/number.ts": "32c3d1decf3b8d9dfa10b0027b07e9c6753c0059d1ccf2d1d768b879d05e0d3e",
    "https://deno.land/x/cliffy@v0.24.3/command/types/string.ts": "e415dd7bce1b4d0ac4417e370a41a8c7a476f78cb19bf4a757ba11da343f344c",
    "https://deno.land/x/cliffy@v0.24.3/command/upgrade/mod.ts": "17e2df3b620905583256684415e6c4a31e8de5c59066eb6d6c9c133919292dc4",
    "https://deno.land/x/cliffy@v0.24.3/command/upgrade/provider.ts": "c6e8e0b8dc91359ece92f73061a218a8384790c29bc48feece9e81f5048611e7",
    "https://deno.land/x/cliffy@v0.24.3/command/upgrade/provider/deno_land.ts": "24f8d82e38c51e09be989f30f8ad21f9dd41ac1bb1973b443a13883e8ba06d6d",
    "https://deno.land/x/cliffy@v0.24.3/command/upgrade/provider/github.ts": "666f43d7ee687d90da42f1ab105c27f8f953db452f9a6bb88e68852cc813ad08",
    "https://deno.land/x/cliffy@v0.24.3/command/upgrade/provider/nest_land.ts": "0e07936cea04fa41ac9297f32d87f39152ea873970c54cb5b4934b12fee1885e",
    "https://deno.land/x/cliffy@v0.24.3/command/upgrade/upgrade_command.ts": "f3702efebd89e58aa55cd861f3e63533ee1307ef892fa07f7602a88a7348f0f2",
    "https://deno.land/x/cliffy@v0.24.3/flags/_errors.ts": "2e6754a96f8df8a2c23da477388eb426b24090e4cc4140220643ba2590d02136",
    "https://deno.land/x/cliffy@v0.24.3/flags/_utils.ts": "85c81dc298b09d616921b0837331f1d2e0b069e6c8e432dc26af74d579eb8967",
    "https://deno.land/x/cliffy@v0.24.3/flags/flags.ts": "d6249417841c60e0b821e464ee00a581346d7f058f126bee2cff88c88280b826",
    "https://deno.land/x/cliffy@v0.24.3/flags/types.ts": "c1ccc9574c69a0a3120f2464a5667b7169b6e3784f415aa3d5ca09cb36af653a",
    "https://deno.land/x/cliffy@v0.24.3/flags/types/boolean.ts": "3a80c2332c2f2f58427774cd0ed15b773be2c6bab6323ab4085ac7eaed9fe021",
    "https://deno.land/x/cliffy@v0.24.3/flags/types/integer.ts": "931b6c9f748a839ad304d60851159ebe3f26ccea50fb0907925a94e93772acaf",
    "https://deno.land/x/cliffy@v0.24.3/flags/types/number.ts": "ace1b124c644f4fac2a7bf781fafe3f8a32528b22ec939a3291424a313c8e301",
    "https://deno.land/x/cliffy@v0.24.3/flags/types/string.ts": "2764413b7f86962152fd0ac3edf5107b94cb6ae8a237243d65c3a2eb2073d624",
    "https://deno.land/x/cliffy@v0.24.3/flags/validate_flags.ts": "c6be5391daf123203c50019ee9ee1fd14deb7c6e28d8ec70ce307c28b9256194",
    "https://deno.land/x/cliffy@v0.24.3/keycode/key_code.ts": "b768c9227b8142cff3beb0a0bbe5d9119ba085c7f520f71799916f17d93a8daf",
    "https://deno.land/x/cliffy@v0.24.3/keycode/key_codes.ts": "917f0a2da0dbace08cf29bcfdaaa2257da9fe7e705fff8867d86ed69dfb08cfe",
    "https://deno.land/x/cliffy@v0.24.3/keycode/mod.ts": "292d2f295316c6e0da6955042a7b31ab2968ff09f2300541d00f05ed6c2aa2d4",
    "https://deno.land/x/cliffy@v0.24.3/prompt/_generic_input.ts": "65ed92d1f7ee616cc2926ae4d9b94445ac785fa6a6f584793e572dfcda8700eb",
    "https://deno.land/x/cliffy@v0.24.3/prompt/_generic_list.ts": "85ab9aeb5b2288d9d4ef47ead6ea591bd1954ada113e3ff0d355b0670b576bad",
    "https://deno.land/x/cliffy@v0.24.3/prompt/_generic_prompt.ts": "63e8fbea454f37649ad1bd911c227ce0b0c9509cf74ae865159f44fc780d00c4",
    "https://deno.land/x/cliffy@v0.24.3/prompt/_generic_suggestions.ts": "42b9a8f6d447d0dde1b904c2fc9f47bb04da2cfa2670ade4f459b1ec306aa194",
    "https://deno.land/x/cliffy@v0.24.3/prompt/_utils.ts": "676cca30762656ed1a9bcb21a7254244278a23ffc591750e98a501644b6d2df3",
    "https://deno.land/x/cliffy@v0.24.3/prompt/checkbox.ts": "4e00e94efcd7a9917101f719564b3bf98a7aee0986bb004a4a75125081538b9d",
    "https://deno.land/x/cliffy@v0.24.3/prompt/confirm.ts": "9de9fd0e51f939bac0c6a5758bf6c9aa438d5916de196761091d689c6f950cf0",
    "https://deno.land/x/cliffy@v0.24.3/prompt/deps.ts": "ccfabd458e8b2d723e600f510ffec4e6084c2e52eeb447f9fe23019d9f8fc7ca",
    "https://deno.land/x/cliffy@v0.24.3/prompt/figures.ts": "26af0fbfe21497220e4b887bb550fab997498cde14703b98e78faf370fbb4b94",
    "https://deno.land/x/cliffy@v0.24.3/prompt/input.ts": "5c579a21150228528e81d219dab23503b5d497bb511ccad72c34db3d323c580f",
    "https://deno.land/x/cliffy@v0.24.3/prompt/list.ts": "b13e05359ea98f058f950062814219d32d4cde131dd1cdc6e239814f6d321d98",
    "https://deno.land/x/cliffy@v0.24.3/prompt/mod.ts": "195aed14d10d279914eaa28c696dec404d576ca424c097a5bc2b4a7a13b66c89",
    "https://deno.land/x/cliffy@v0.24.3/prompt/number.ts": "65766e272f4fb96d35b3e6f54673987f81119315b2e843ae60516b064eb5ac04",
    "https://deno.land/x/cliffy@v0.24.3/prompt/prompt.ts": "7752e9d37dc10e793b260971415e65bcb7d2b3b7b5a8e3279c6785e6bf24fa61",
    "https://deno.land/x/cliffy@v0.24.3/prompt/secret.ts": "799986d32f0a7386f8502d42ccabfd1b9dc57d2189ac9457867d8ac64b5dcc19",
    "https://deno.land/x/cliffy@v0.24.3/prompt/select.ts": "daf9db5a1c07e51c32a94313c9d29faf3b58ab4f547b5331cdcfa6b655e42be5",
    "https://deno.land/x/cliffy@v0.24.3/prompt/toggle.ts": "16a8aa3f4f22db7d4705cd263569d547b6540c53b057e64a4c4028b610dd1920",
    "https://deno.land/x/cliffy@v0.24.3/table/border.ts": "2514abae4e4f51eda60a5f8c927ba24efd464a590027e900926b38f68e01253c",
    "https://deno.land/x/cliffy@v0.24.3/table/cell.ts": "1d787d8006ac8302020d18ec39f8d7f1113612c20801b973e3839de9c3f8b7b3",
    "https://deno.land/x/cliffy@v0.24.3/table/deps.ts": "f0491a748e11bdfbc11156d73c5fdc215d2933cd27d4a06d1926ffbc70150c5f",
    "https://deno.land/x/cliffy@v0.24.3/table/layout.ts": "ca9d5159b73f76b98d51feb0286281166a964e4411c087a0c00103035b1ba1dc",
    "https://deno.land/x/cliffy@v0.24.3/table/row.ts": "707c8f9c71f28e7ded22a053c13c0988a9598eec0a9e2a7aea7d15cad64d3cfe",
    "https://deno.land/x/cliffy@v0.24.3/table/table.ts": "3905c40d030626faab87a3e2e24982382c0d4c11eccae829a9e04db94d29e3e9",
    "https://deno.land/x/cliffy@v0.24.3/table/utils.ts": "187bb7dcbcfb16199a5d906113f584740901dfca1007400cba0df7dcd341bc29",
    "https://deno.land/x/deepmergets@v4.2.1/dist/deno/deepmerge.ts": "7b15036b14c0aa2cb00e8eac7acb3454f08dd8433edb0e87210018d34a5f40f2",
    "https://deno.land/x/deepmergets@v4.2.1/dist/deno/index.ts": "1d8a75ba9d2c204d67de0a724b1b83de64a65df40b0c606f5aec7109463466bd",
    "https://deno.land/x/deepmergets@v4.2.1/dist/deno/types/defaults.ts": "bd7e615fa4b72fd14f12438deae419b238b76ec179752c345669ea7ca4ff0d1c",
    "https://deno.land/x/deepmergets@v4.2.1/dist/deno/types/index.ts": "276d75bf9fb8d338bd84ed0357ea12a52a6b4da06c0a499c0e8ccbd4b57cf093",
    "https://deno.land/x/deepmergets@v4.2.1/dist/deno/types/merging.ts": "d8ce62b034324dd76491acf1a7bd39762ed16bb31b10a0990bbdb7a9177b526f",
    "https://deno.land/x/deepmergets@v4.2.1/dist/deno/types/options.ts": "07e4eda5147dc72e7343fb75e891b9ea4d430b8f2fcb556ef086d63dc8914e30",
    "https://deno.land/x/deepmergets@v4.2.1/dist/deno/types/utils.ts": "4c540899d9cc8442d641ce63b4805772094a47724a4632c3a7af80d9027f8554",
    "https://deno.land/x/deepmergets@v4.2.1/dist/deno/utils.ts": "d46e181e249e28fb10885d499ab6f12a07c386d498c2e08376b1651a07a3a7a3",
    "https://deno.land/x/denoflate@1.2.1/mod.ts": "f5628e44b80b3d80ed525afa2ba0f12408e3849db817d47a883b801f9ce69dd6",
    "https://deno.land/x/denoflate@1.2.1/pkg/denoflate.js": "b9f9ad9457d3f12f28b1fb35c555f57443427f74decb403113d67364e4f2caf4",
    "https://deno.land/x/denoflate@1.2.1/pkg/denoflate_bg.wasm.js": "d581956245407a2115a3d7e8d85a9641c032940a8e810acbd59ca86afd34d44d",
    "https://deno.land/x/esbuild@v0.14.53/mod.d.ts": "466c89257fb35dcf74a146ec60d50d5d7ce522326850d60a149ac0173ee12cd8",
    "https://deno.land/x/esbuild@v0.14.53/mod.js": "f961767f1874a39bd29115498eef02fd524487e1970ffcf58e3708bf83c48fa0"
  }
}
